{
  "name": "kedaariwebsite",
  "lockfileVersion": 3,
  "requires": true,
  "packages": {
    "": {
      "dependencies": {
        "regula": "^1.3.5"
      }
    },
    "node_modules/regula": {
      "version": "1.3.5",
      "resolved": "https://registry.npmjs.org/regula/-/regula-1.3.5.tgz",
      "integrity": "sha512-2U5SZZU/NlvS2B1hft1WVpH3+gieeb5TYARcWCU5miDJTnObPrBc3KunASyehkLjprGGbqNNNYDBWmNaLMbZeA=="
    }
  }
}
